{
  "name": "pardhumadipalli.github.io",
  "version": "0.0.1",
  "lockfileVersion": 2,
  "requires": true,
  "packages": {
    "": {
      "name": "pardhumadipalli.github.io",
      "version": "0.0.1",
      "license": "MIT",
      "dependencies": {
        "@primer/css": "^19.2.0",
        "octicons": "^5.0.1"
      }
    },
    "node_modules/@primer/css": {
      "version": "19.2.0",
      "resolved": "https://registry.npmjs.org/@primer/css/-/css-19.2.0.tgz",
      "integrity": "sha512-20fJIGZy/s+LqDfqR1qqGS34LZTg3co4XbeL+Lv45LBqsVQ+ULwURNU6y3JBb78THLbish9V4TccPw59dj1YOQ==",
      "dependencies": {
        "@primer/primitives": "^7.4.0"
      },
      "engines": {
        "node": "^12.20.0 || ^14.13.1 || >=16.0.0"
      }
    },
    "node_modules/@primer/primitives": {
      "version": "7.4.1",
      "resolved": "https://registry.npmjs.org/@primer/primitives/-/primitives-7.4.1.tgz",
      "integrity": "sha512-cos7zQ6tgTtbQzF1gymiuQPcccqkHpccQCaahMRdqHqJP7kiG9/lbq+u13UdrAFJ8iJEyORfHXKd+bwhQf4svw=="
    },
    "node_modules/octicons": {
      "version": "5.0.1",
      "resolved": "https://registry.npmjs.org/octicons/-/octicons-5.0.1.tgz",
      "integrity": "sha1-D6DE/TaA0lEmbwc3NlOTF8uEbk8="
    }
  },
  "dependencies": {
    "@primer/css": {
      "version": "19.2.0",
      "resolved": "https://registry.npmjs.org/@primer/css/-/css-19.2.0.tgz",
      "integrity": "sha512-20fJIGZy/s+LqDfqR1qqGS34LZTg3co4XbeL+Lv45LBqsVQ+ULwURNU6y3JBb78THLbish9V4TccPw59dj1YOQ==",
      "requires": {
        "@primer/primitives": "^7.4.0"
      }
    },
    "@primer/primitives": {
      "version": "7.4.1",
      "resolved": "https://registry.npmjs.org/@primer/primitives/-/primitives-7.4.1.tgz",
      "integrity": "sha512-cos7zQ6tgTtbQzF1gymiuQPcccqkHpccQCaahMRdqHqJP7kiG9/lbq+u13UdrAFJ8iJEyORfHXKd+bwhQf4svw=="
    },
    "octicons": {
      "version": "5.0.1",
      "resolved": "https://registry.npmjs.org/octicons/-/octicons-5.0.1.tgz",
      "integrity": "sha1-D6DE/TaA0lEmbwc3NlOTF8uEbk8="
    }
  }
}
