{
  "name": "government.github.com",
  "version": "1.0.0",
  "lockfileVersion": 1,
  "requires": true,
  "dependencies": {
    "octicons": {
      "version": "5.0.1",
      "resolved": "https://registry.npmjs.org/octicons/-/octicons-5.0.1.tgz",
      "integrity": "sha1-D6DE/TaA0lEmbwc3NlOTF8uEbk8="
    },
    "primer-base": {
      "version": "1.3.0",
      "resolved": "https://registry.npmjs.org/primer-base/-/primer-base-1.3.0.tgz",
      "integrity": "sha1-168n/E8ahjG/NuQOqf3G0H3TGRg=",
      "requires": {
        "primer-support": "^4.2.0"
      }
    },
    "primer-box": {
      "version": "2.3.0",
      "resolved": "https://registry.npmjs.org/primer-box/-/primer-box-2.3.0.tgz",
      "integrity": "sha1-3d73lJLDgKGzwVLGHYwHBr+QxnI=",
      "requires": {
        "primer-support": "^4.2.0"
      }
    },
    "primer-breadcrumb": {
      "version": "1.2.0",
      "resolved": "https://registry.npmjs.org/primer-breadcrumb/-/primer-breadcrumb-1.2.0.tgz",
      "integrity": "sha1-A6/xILpanK5TGRA1MqAibnt9iss=",
      "requires": {
        "primer-marketing-support": "^1.2.0",
        "primer-support": "^4.2.0"
      }
    },
    "primer-buttons": {
      "version": "2.2.0",
      "resolved": "https://registry.npmjs.org/primer-buttons/-/primer-buttons-2.2.0.tgz",
      "integrity": "sha1-ULmy8ZrTKvuUu4rV0t0BLTYDSoA=",
      "requires": {
        "primer-support": "^4.2.0"
      }
    },
    "primer-cards": {
      "version": "0.3.0",
      "resolved": "https://registry.npmjs.org/primer-cards/-/primer-cards-0.3.0.tgz",
      "integrity": "sha1-oBdg7IhxoGTZOI24ClvhEqHJG7M=",
      "requires": {
        "primer-marketing-support": "^1.2.0",
        "primer-support": "^4.2.0"
      }
    },
    "primer-core": {
      "version": "6.2.0",
      "resolved": "https://registry.npmjs.org/primer-core/-/primer-core-6.2.0.tgz",
      "integrity": "sha1-h/somv4Qg4BNG80Pkez3OpvchBU=",
      "requires": {
        "primer-base": "^1.3.0",
        "primer-box": "^2.3.0",
        "primer-buttons": "^2.2.0",
        "primer-forms": "^1.2.0",
        "primer-layout": "^1.2.0",
        "primer-navigation": "^1.2.0",
        "primer-support": "^4.2.0",
        "primer-table-object": "^1.2.0",
        "primer-tooltips": "^1.2.0",
        "primer-truncate": "^1.2.0",
        "primer-utilities": "^4.5.0"
      }
    },
    "primer-forms": {
      "version": "1.2.0",
      "resolved": "https://registry.npmjs.org/primer-forms/-/primer-forms-1.2.0.tgz",
      "integrity": "sha1-/tpSbLA7Hc8Htc7OQaBMc3XkYho=",
      "requires": {
        "primer-support": "^4.2.0"
      }
    },
    "primer-layout": {
      "version": "1.2.0",
      "resolved": "https://registry.npmjs.org/primer-layout/-/primer-layout-1.2.0.tgz",
      "integrity": "sha1-EL2+dEaGybv3/L6N2xT/7A018oI=",
      "requires": {
        "primer-support": "^4.2.0"
      }
    },
    "primer-marketing": {
      "version": "5.2.0",
      "resolved": "https://registry.npmjs.org/primer-marketing/-/primer-marketing-5.2.0.tgz",
      "integrity": "sha1-r2qmhuJiC9UDSrPhYCjCPi1AJrM=",
      "requires": {
        "primer-breadcrumb": "^1.2.0",
        "primer-cards": "^0.3.0",
        "primer-marketing-support": "^1.2.0",
        "primer-marketing-type": "^1.2.0",
        "primer-marketing-utilities": "^1.2.0",
        "primer-page-headers": "^1.2.0",
        "primer-page-sections": "^1.2.0",
        "primer-support": "^4.2.0",
        "primer-tables": "^1.2.0"
      }
    },
    "primer-marketing-support": {
      "version": "1.2.0",
      "resolved": "https://registry.npmjs.org/primer-marketing-support/-/primer-marketing-support-1.2.0.tgz",
      "integrity": "sha1-cv8pNJPQB0qZ7CsCAoKvH3UxDgs="
    },
    "primer-marketing-type": {
      "version": "1.2.0",
      "resolved": "https://registry.npmjs.org/primer-marketing-type/-/primer-marketing-type-1.2.0.tgz",
      "integrity": "sha1-VuAxz/mqNHPpwZ8KrPnIrGYQG+I=",
      "requires": {
        "primer-marketing-support": "^1.2.0",
        "primer-support": "^4.2.0"
      }
    },
    "primer-marketing-utilities": {
      "version": "1.2.0",
      "resolved": "https://registry.npmjs.org/primer-marketing-utilities/-/primer-marketing-utilities-1.2.0.tgz",
      "integrity": "sha1-e6CWCYepxebt5T+rNPtSo2T+9F0=",
      "requires": {
        "primer-marketing-support": "^1.2.0",
        "primer-support": "^4.2.0"
      }
    },
    "primer-navigation": {
      "version": "1.2.0",
      "resolved": "https://registry.npmjs.org/primer-navigation/-/primer-navigation-1.2.0.tgz",
      "integrity": "sha1-9anCmGdXqKBoQqH2Au0gMEFg1xo=",
      "requires": {
        "primer-support": "^4.2.0"
      }
    },
    "primer-page-headers": {
      "version": "1.2.0",
      "resolved": "https://registry.npmjs.org/primer-page-headers/-/primer-page-headers-1.2.0.tgz",
      "integrity": "sha1-lwXSqadSm+MYK/ykXHsMuE/Wnbc=",
      "requires": {
        "primer-marketing-support": "^1.2.0",
        "primer-support": "^4.2.0"
      }
    },
    "primer-page-sections": {
      "version": "1.2.0",
      "resolved": "https://registry.npmjs.org/primer-page-sections/-/primer-page-sections-1.2.0.tgz",
      "integrity": "sha1-8rszl9FBR8z7EwMPiQx0nAlTVxU=",
      "requires": {
        "primer-marketing-support": "^1.2.0",
        "primer-support": "^4.2.0"
      }
    },
    "primer-support": {
      "version": "4.2.0",
      "resolved": "https://registry.npmjs.org/primer-support/-/primer-support-4.2.0.tgz",
      "integrity": "sha1-l62vtX48YXWP2ZwCwKJBA69XbEE="
    },
    "primer-table-object": {
      "version": "1.2.0",
      "resolved": "https://registry.npmjs.org/primer-table-object/-/primer-table-object-1.2.0.tgz",
      "integrity": "sha1-+p0v0w9pzVzNmbv8j7P+HHQz7Xo=",
      "requires": {
        "primer-support": "^4.2.0"
      }
    },
    "primer-tables": {
      "version": "1.2.0",
      "resolved": "https://registry.npmjs.org/primer-tables/-/primer-tables-1.2.0.tgz",
      "integrity": "sha1-ylwXIuAT4XU8HDyJC/rNGUExrDQ=",
      "requires": {
        "primer-marketing-support": "^1.2.0",
        "primer-support": "^4.2.0"
      }
    },
    "primer-tooltips": {
      "version": "1.2.0",
      "resolved": "https://registry.npmjs.org/primer-tooltips/-/primer-tooltips-1.2.0.tgz",
      "integrity": "sha1-oj0MrkyOuX7wXa1MzFgop3MQ6bQ=",
      "requires": {
        "primer-support": "^4.2.0"
      }
    },
    "primer-truncate": {
      "version": "1.2.0",
      "resolved": "https://registry.npmjs.org/primer-truncate/-/primer-truncate-1.2.0.tgz",
      "integrity": "sha1-MRGvx8EMk/VH//gxSvCcq1EPi4o=",
      "requires": {
        "primer-support": "^4.2.0"
      }
    },
    "primer-utilities": {
      "version": "4.5.0",
      "resolved": "https://registry.npmjs.org/primer-utilities/-/primer-utilities-4.5.0.tgz",
      "integrity": "sha1-6tXV+D2U+ntiv3oELbTxoHqv0hQ=",
      "requires": {
        "primer-support": "^4.2.0"
      }
    }
  }
}
